
Microsoft Visual Studio Solution File, Format Version 12.00
# Visual Studio 15
VisualStudioVersion = 15.0.28307.1259
MinimumVisualStudioVersion = 10.0.40219.1
Project("{FAE04EC0-301F-11D3-BF4B-00C04F79EFBC}") = "BinaryTree", "BinaryTree\BinaryTree.csproj", "{10F8AEBB-2732-4A05-91AE-E5B80BE4B655}"
EndProject
Project("{FAE04EC0-301F-11D3-BF4B-00C04F79EFBC}") = "LinkedList", "LinkedList\LinkedList.csproj", "{EEEA0D0B-5F06-4FD5-A581-F32B5CCF8D91}"
EndProject
Project("{FAE04EC0-301F-11D3-BF4B-00C04F79EFBC}") = "DoublyLinkedList", "DoublyLinkedList\DoublyLinkedList.csproj", "{FAE2345A-7704-4923-81AE-E3BC0426DB57}"
EndProject
Project("{FAE04EC0-301F-11D3-BF4B-00C04F79EFBC}") = "CircularLinkedlist", "CircularLinkedlist\CircularLinkedlist.csproj", "{9A722972-861C-444B-BAF1-9EED627989CB}"
EndProject
Project("{FAE04EC0-301F-11D3-BF4B-00C04F79EFBC}") = "Dequeue", "Dequeue\Dequeue.csproj", "{AE13A190-8BD0-40E9-8520-42748795E609}"
EndProject
Project("{FAE04EC0-301F-11D3-BF4B-00C04F79EFBC}") = "Heap", "Heap\Heap.csproj", "{8217BD88-3593-4D6B-8268-1F66D9536C0F}"
EndProject
Global
	GlobalSection(SolutionConfigurationPlatforms) = preSolution
		Debug|Any CPU = Debug|Any CPU
		Debug|ARM = Debug|ARM
		Debug|ARM64 = Debug|ARM64
		Debug|x64 = Debug|x64
		Debug|x86 = Debug|x86
		Release|Any CPU = Release|Any CPU
		Release|ARM = Release|ARM
		Release|ARM64 = Release|ARM64
		Release|x64 = Release|x64
		Release|x86 = Release|x86
	EndGlobalSection
	GlobalSection(ProjectConfigurationPlatforms) = postSolution
		{10F8AEBB-2732-4A05-91AE-E5B80BE4B655}.Debug|Any CPU.ActiveCfg = Debug|x64
		{10F8AEBB-2732-4A05-91AE-E5B80BE4B655}.Debug|ARM.ActiveCfg = Debug|x64
		{10F8AEBB-2732-4A05-91AE-E5B80BE4B655}.Debug|ARM64.ActiveCfg = Debug|x64
		{10F8AEBB-2732-4A05-91AE-E5B80BE4B655}.Debug|x64.ActiveCfg = Debug|x64
		{10F8AEBB-2732-4A05-91AE-E5B80BE4B655}.Debug|x64.Build.0 = Debug|x64
		{10F8AEBB-2732-4A05-91AE-E5B80BE4B655}.Debug|x86.ActiveCfg = Debug|x64
		{10F8AEBB-2732-4A05-91AE-E5B80BE4B655}.Release|Any CPU.ActiveCfg = Release|x64
		{10F8AEBB-2732-4A05-91AE-E5B80BE4B655}.Release|ARM.ActiveCfg = Release|x64
		{10F8AEBB-2732-4A05-91AE-E5B80BE4B655}.Release|ARM64.ActiveCfg = Release|x64
		{10F8AEBB-2732-4A05-91AE-E5B80BE4B655}.Release|x64.ActiveCfg = Release|x64
		{10F8AEBB-2732-4A05-91AE-E5B80BE4B655}.Release|x64.Build.0 = Release|x64
		{10F8AEBB-2732-4A05-91AE-E5B80BE4B655}.Release|x86.ActiveCfg = Release|x64
		{EEEA0D0B-5F06-4FD5-A581-F32B5CCF8D91}.Debug|Any CPU.ActiveCfg = Debug|x64
		{EEEA0D0B-5F06-4FD5-A581-F32B5CCF8D91}.Debug|ARM.ActiveCfg = Debug|x64
		{EEEA0D0B-5F06-4FD5-A581-F32B5CCF8D91}.Debug|ARM64.ActiveCfg = Debug|x64
		{EEEA0D0B-5F06-4FD5-A581-F32B5CCF8D91}.Debug|x64.ActiveCfg = Debug|x64
		{EEEA0D0B-5F06-4FD5-A581-F32B5CCF8D91}.Debug|x64.Build.0 = Debug|x64
		{EEEA0D0B-5F06-4FD5-A581-F32B5CCF8D91}.Debug|x86.ActiveCfg = Debug|x64
		{EEEA0D0B-5F06-4FD5-A581-F32B5CCF8D91}.Release|Any CPU.ActiveCfg = Release|x64
		{EEEA0D0B-5F06-4FD5-A581-F32B5CCF8D91}.Release|ARM.ActiveCfg = Release|x64
		{EEEA0D0B-5F06-4FD5-A581-F32B5CCF8D91}.Release|ARM64.ActiveCfg = Release|x64
		{EEEA0D0B-5F06-4FD5-A581-F32B5CCF8D91}.Release|x64.ActiveCfg = Release|x64
		{EEEA0D0B-5F06-4FD5-A581-F32B5CCF8D91}.Release|x64.Build.0 = Release|x64
		{EEEA0D0B-5F06-4FD5-A581-F32B5CCF8D91}.Release|x86.ActiveCfg = Release|x64
		{FAE2345A-7704-4923-81AE-E3BC0426DB57}.Debug|Any CPU.ActiveCfg = Debug|x64
		{FAE2345A-7704-4923-81AE-E3BC0426DB57}.Debug|ARM.ActiveCfg = Debug|x64
		{FAE2345A-7704-4923-81AE-E3BC0426DB57}.Debug|ARM64.ActiveCfg = Debug|x64
		{FAE2345A-7704-4923-81AE-E3BC0426DB57}.Debug|x64.ActiveCfg = Debug|x64
		{FAE2345A-7704-4923-81AE-E3BC0426DB57}.Debug|x64.Build.0 = Debug|x64
		{FAE2345A-7704-4923-81AE-E3BC0426DB57}.Debug|x86.ActiveCfg = Debug|x64
		{FAE2345A-7704-4923-81AE-E3BC0426DB57}.Release|Any CPU.ActiveCfg = Release|x64
		{FAE2345A-7704-4923-81AE-E3BC0426DB57}.Release|ARM.ActiveCfg = Release|x64
		{FAE2345A-7704-4923-81AE-E3BC0426DB57}.Release|ARM64.ActiveCfg = Release|x64
		{FAE2345A-7704-4923-81AE-E3BC0426DB57}.Release|x64.ActiveCfg = Release|x64
		{FAE2345A-7704-4923-81AE-E3BC0426DB57}.Release|x64.Build.0 = Release|x64
		{FAE2345A-7704-4923-81AE-E3BC0426DB57}.Release|x86.ActiveCfg = Release|x64
		{9A722972-861C-444B-BAF1-9EED627989CB}.Debug|Any CPU.ActiveCfg = Debug|Any CPU
		{9A722972-861C-444B-BAF1-9EED627989CB}.Debug|Any CPU.Build.0 = Debug|Any CPU
		{9A722972-861C-444B-BAF1-9EED627989CB}.Debug|ARM.ActiveCfg = Debug|Any CPU
		{9A722972-861C-444B-BAF1-9EED627989CB}.Debug|ARM.Build.0 = Debug|Any CPU
		{9A722972-861C-444B-BAF1-9EED627989CB}.Debug|ARM64.ActiveCfg = Debug|Any CPU
		{9A722972-861C-444B-BAF1-9EED627989CB}.Debug|ARM64.Build.0 = Debug|Any CPU
		{9A722972-861C-444B-BAF1-9EED627989CB}.Debug|x64.ActiveCfg = Debug|Any CPU
		{9A722972-861C-444B-BAF1-9EED627989CB}.Debug|x64.Build.0 = Debug|Any CPU
		{9A722972-861C-444B-BAF1-9EED627989CB}.Debug|x86.ActiveCfg = Debug|Any CPU
		{9A722972-861C-444B-BAF1-9EED627989CB}.Debug|x86.Build.0 = Debug|Any CPU
		{9A722972-861C-444B-BAF1-9EED627989CB}.Release|Any CPU.ActiveCfg = Release|Any CPU
		{9A722972-861C-444B-BAF1-9EED627989CB}.Release|Any CPU.Build.0 = Release|Any CPU
		{9A722972-861C-444B-BAF1-9EED627989CB}.Release|ARM.ActiveCfg = Release|Any CPU
		{9A722972-861C-444B-BAF1-9EED627989CB}.Release|ARM.Build.0 = Release|Any CPU
		{9A722972-861C-444B-BAF1-9EED627989CB}.Release|ARM64.ActiveCfg = Release|Any CPU
		{9A722972-861C-444B-BAF1-9EED627989CB}.Release|ARM64.Build.0 = Release|Any CPU
		{9A722972-861C-444B-BAF1-9EED627989CB}.Release|x64.ActiveCfg = Release|Any CPU
		{9A722972-861C-444B-BAF1-9EED627989CB}.Release|x64.Build.0 = Release|Any CPU
		{9A722972-861C-444B-BAF1-9EED627989CB}.Release|x86.ActiveCfg = Release|Any CPU
		{9A722972-861C-444B-BAF1-9EED627989CB}.Release|x86.Build.0 = Release|Any CPU
		{AE13A190-8BD0-40E9-8520-42748795E609}.Debug|Any CPU.ActiveCfg = Debug|Any CPU
		{AE13A190-8BD0-40E9-8520-42748795E609}.Debug|Any CPU.Build.0 = Debug|Any CPU
		{AE13A190-8BD0-40E9-8520-42748795E609}.Debug|ARM.ActiveCfg = Debug|Any CPU
		{AE13A190-8BD0-40E9-8520-42748795E609}.Debug|ARM.Build.0 = Debug|Any CPU
		{AE13A190-8BD0-40E9-8520-42748795E609}.Debug|ARM64.ActiveCfg = Debug|Any CPU
		{AE13A190-8BD0-40E9-8520-42748795E609}.Debug|ARM64.Build.0 = Debug|Any CPU
		{AE13A190-8BD0-40E9-8520-42748795E609}.Debug|x64.ActiveCfg = Debug|Any CPU
		{AE13A190-8BD0-40E9-8520-42748795E609}.Debug|x64.Build.0 = Debug|Any CPU
		{AE13A190-8BD0-40E9-8520-42748795E609}.Debug|x86.ActiveCfg = Debug|Any CPU
		{AE13A190-8BD0-40E9-8520-42748795E609}.Debug|x86.Build.0 = Debug|Any CPU
		{AE13A190-8BD0-40E9-8520-42748795E609}.Release|Any CPU.ActiveCfg = Release|Any CPU
		{AE13A190-8BD0-40E9-8520-42748795E609}.Release|Any CPU.Build.0 = Release|Any CPU
		{AE13A190-8BD0-40E9-8520-42748795E609}.Release|ARM.ActiveCfg = Release|Any CPU
		{AE13A190-8BD0-40E9-8520-42748795E609}.Release|ARM.Build.0 = Release|Any CPU
		{AE13A190-8BD0-40E9-8520-42748795E609}.Release|ARM64.ActiveCfg = Release|Any CPU
		{AE13A190-8BD0-40E9-8520-42748795E609}.Release|ARM64.Build.0 = Release|Any CPU
		{AE13A190-8BD0-40E9-8520-42748795E609}.Release|x64.ActiveCfg = Release|Any CPU
		{AE13A190-8BD0-40E9-8520-42748795E609}.Release|x64.Build.0 = Release|Any CPU
		{AE13A190-8BD0-40E9-8520-42748795E609}.Release|x86.ActiveCfg = Release|Any CPU
		{AE13A190-8BD0-40E9-8520-42748795E609}.Release|x86.Build.0 = Release|Any CPU
		{8217BD88-3593-4D6B-8268-1F66D9536C0F}.Debug|Any CPU.ActiveCfg = Debug|Any CPU
		{8217BD88-3593-4D6B-8268-1F66D9536C0F}.Debug|Any CPU.Build.0 = Debug|Any CPU
		{8217BD88-3593-4D6B-8268-1F66D9536C0F}.Debug|ARM.ActiveCfg = Debug|Any CPU
		{8217BD88-3593-4D6B-8268-1F66D9536C0F}.Debug|ARM.Build.0 = Debug|Any CPU
		{8217BD88-3593-4D6B-8268-1F66D9536C0F}.Debug|ARM64.ActiveCfg = Debug|Any CPU
		{8217BD88-3593-4D6B-8268-1F66D9536C0F}.Debug|ARM64.Build.0 = Debug|Any CPU
		{8217BD88-3593-4D6B-8268-1F66D9536C0F}.Debug|x64.ActiveCfg = Debug|Any CPU
		{8217BD88-3593-4D6B-8268-1F66D9536C0F}.Debug|x64.Build.0 = Debug|Any CPU
		{8217BD88-3593-4D6B-8268-1F66D9536C0F}.Debug|x86.ActiveCfg = Debug|Any CPU
		{8217BD88-3593-4D6B-8268-1F66D9536C0F}.Debug|x86.Build.0 = Debug|Any CPU
		{8217BD88-3593-4D6B-8268-1F66D9536C0F}.Release|Any CPU.ActiveCfg = Release|Any CPU
		{8217BD88-3593-4D6B-8268-1F66D9536C0F}.Release|Any CPU.Build.0 = Release|Any CPU
		{8217BD88-3593-4D6B-8268-1F66D9536C0F}.Release|ARM.ActiveCfg = Release|Any CPU
		{8217BD88-3593-4D6B-8268-1F66D9536C0F}.Release|ARM.Build.0 = Release|Any CPU
		{8217BD88-3593-4D6B-8268-1F66D9536C0F}.Release|ARM64.ActiveCfg = Release|Any CPU
		{8217BD88-3593-4D6B-8268-1F66D9536C0F}.Release|ARM64.Build.0 = Release|Any CPU
		{8217BD88-3593-4D6B-8268-1F66D9536C0F}.Release|x64.ActiveCfg = Release|Any CPU
		{8217BD88-3593-4D6B-8268-1F66D9536C0F}.Release|x64.Build.0 = Release|Any CPU
		{8217BD88-3593-4D6B-8268-1F66D9536C0F}.Release|x86.ActiveCfg = Release|Any CPU
		{8217BD88-3593-4D6B-8268-1F66D9536C0F}.Release|x86.Build.0 = Release|Any CPU
	EndGlobalSection
	GlobalSection(SolutionProperties) = preSolution
		HideSolutionNode = FALSE
	EndGlobalSection
	GlobalSection(ExtensibilityGlobals) = postSolution
		SolutionGuid = {3008A74E-5A46-4F3B-AC2A-778565590AE0}
	EndGlobalSection
EndGlobal
